
Microsoft Visual Studio Solution File, Format Version 12.00
# Visual Studio Version 17
VisualStudioVersion = 17.3.32811.315
MinimumVisualStudioVersion = 10.0.40219.1
Project("{9A19103F-16F7-4668-BE54-9A1E7A4F7556}") = "DMXrecorder", "DMXrecorder\DMXrecorder.csproj", "{4D3CF655-C2E0-4B14-A441-80791C0FE092}"
EndProject
Project("{9A19103F-16F7-4668-BE54-9A1E7A4F7556}") = "PostProcessor", "PostProcessor\PostProcessor.csproj", "{D55F0B0F-63F9-4D3F-B27D-A913D2B2D5EA}"
EndProject
Project("{9A19103F-16F7-4668-BE54-9A1E7A4F7556}") = "Common", "Common\Common.csproj", "{3B9FB049-939E-4DD6-AAFD-DCC5564BAEF6}"
EndProject
Project("{9A19103F-16F7-4668-BE54-9A1E7A4F7556}") = "DMXplayer", "DMXplayer\DMXplayer.csproj", "{3C05395C-3C35-4C2F-938F-80A117A8D65D}"
EndProject
Project("{9A19103F-16F7-4668-BE54-9A1E7A4F7556}") = "ConverterUI", "ConverterUI\ConverterUI.csproj", "{95B2BF6D-31AC-408E-AADA-3B25422843B8}"
EndProject
Project("{9A19103F-16F7-4668-BE54-9A1E7A4F7556}") = "Processor", "Processor\Processor.csproj", "{AD2A54A9-8B3A-498A-9F30-C2A3F72BF6F6}"
EndProject
Project("{9A19103F-16F7-4668-BE54-9A1E7A4F7556}") = "Haukcode.sACN", "..\..\..\..\OpenSource\Haukcode-sACN\src\Haukcode.sACN\Haukcode.sACN.csproj", "{34B830B5-4624-4022-83FE-B6D1EB965902}"
EndProject
Project("{9A19103F-16F7-4668-BE54-9A1E7A4F7556}") = "TftpSender", "TftpSender\TftpSender.csproj", "{D9629397-A069-4AB6-9268-CAF66CFD65D6}"
EndProject
Project("{9A19103F-16F7-4668-BE54-9A1E7A4F7556}") = "ArtNet", "..\..\..\..\OpenSource\Haukcode-ArtNet\ArtNet\ArtNet.csproj", "{77B6A915-895F-4421-B6D5-B66A5E5D6D17}"
EndProject
Global
	GlobalSection(SolutionConfigurationPlatforms) = preSolution
		Debug|Any CPU = Debug|Any CPU
		Release|Any CPU = Release|Any CPU
	EndGlobalSection
	GlobalSection(ProjectConfigurationPlatforms) = postSolution
		{4D3CF655-C2E0-4B14-A441-80791C0FE092}.Debug|Any CPU.ActiveCfg = Debug|Any CPU
		{4D3CF655-C2E0-4B14-A441-80791C0FE092}.Debug|Any CPU.Build.0 = Debug|Any CPU
		{4D3CF655-C2E0-4B14-A441-80791C0FE092}.Release|Any CPU.ActiveCfg = Release|Any CPU
		{4D3CF655-C2E0-4B14-A441-80791C0FE092}.Release|Any CPU.Build.0 = Release|Any CPU
		{D55F0B0F-63F9-4D3F-B27D-A913D2B2D5EA}.Debug|Any CPU.ActiveCfg = Debug|Any CPU
		{D55F0B0F-63F9-4D3F-B27D-A913D2B2D5EA}.Debug|Any CPU.Build.0 = Debug|Any CPU
		{D55F0B0F-63F9-4D3F-B27D-A913D2B2D5EA}.Release|Any CPU.ActiveCfg = Release|Any CPU
		{D55F0B0F-63F9-4D3F-B27D-A913D2B2D5EA}.Release|Any CPU.Build.0 = Release|Any CPU
		{3B9FB049-939E-4DD6-AAFD-DCC5564BAEF6}.Debug|Any CPU.ActiveCfg = Debug|Any CPU
		{3B9FB049-939E-4DD6-AAFD-DCC5564BAEF6}.Debug|Any CPU.Build.0 = Debug|Any CPU
		{3B9FB049-939E-4DD6-AAFD-DCC5564BAEF6}.Release|Any CPU.ActiveCfg = Release|Any CPU
		{3B9FB049-939E-4DD6-AAFD-DCC5564BAEF6}.Release|Any CPU.Build.0 = Release|Any CPU
		{3C05395C-3C35-4C2F-938F-80A117A8D65D}.Debug|Any CPU.ActiveCfg = Debug|Any CPU
		{3C05395C-3C35-4C2F-938F-80A117A8D65D}.Debug|Any CPU.Build.0 = Debug|Any CPU
		{3C05395C-3C35-4C2F-938F-80A117A8D65D}.Release|Any CPU.ActiveCfg = Release|Any CPU
		{3C05395C-3C35-4C2F-938F-80A117A8D65D}.Release|Any CPU.Build.0 = Release|Any CPU
		{95B2BF6D-31AC-408E-AADA-3B25422843B8}.Debug|Any CPU.ActiveCfg = Debug|Any CPU
		{95B2BF6D-31AC-408E-AADA-3B25422843B8}.Debug|Any CPU.Build.0 = Debug|Any CPU
		{95B2BF6D-31AC-408E-AADA-3B25422843B8}.Release|Any CPU.ActiveCfg = Release|Any CPU
		{95B2BF6D-31AC-408E-AADA-3B25422843B8}.Release|Any CPU.Build.0 = Release|Any CPU
		{AD2A54A9-8B3A-498A-9F30-C2A3F72BF6F6}.Debug|Any CPU.ActiveCfg = Debug|Any CPU
		{AD2A54A9-8B3A-498A-9F30-C2A3F72BF6F6}.Debug|Any CPU.Build.0 = Debug|Any CPU
		{AD2A54A9-8B3A-498A-9F30-C2A3F72BF6F6}.Release|Any CPU.ActiveCfg = Release|Any CPU
		{AD2A54A9-8B3A-498A-9F30-C2A3F72BF6F6}.Release|Any CPU.Build.0 = Release|Any CPU
		{34B830B5-4624-4022-83FE-B6D1EB965902}.Debug|Any CPU.ActiveCfg = Debug|Any CPU
		{34B830B5-4624-4022-83FE-B6D1EB965902}.Debug|Any CPU.Build.0 = Debug|Any CPU
		{34B830B5-4624-4022-83FE-B6D1EB965902}.Release|Any CPU.ActiveCfg = Release|Any CPU
		{34B830B5-4624-4022-83FE-B6D1EB965902}.Release|Any CPU.Build.0 = Release|Any CPU
		{D9629397-A069-4AB6-9268-CAF66CFD65D6}.Debug|Any CPU.ActiveCfg = Debug|Any CPU
		{D9629397-A069-4AB6-9268-CAF66CFD65D6}.Debug|Any CPU.Build.0 = Debug|Any CPU
		{D9629397-A069-4AB6-9268-CAF66CFD65D6}.Release|Any CPU.ActiveCfg = Release|Any CPU
		{D9629397-A069-4AB6-9268-CAF66CFD65D6}.Release|Any CPU.Build.0 = Release|Any CPU
		{77B6A915-895F-4421-B6D5-B66A5E5D6D17}.Debug|Any CPU.ActiveCfg = Debug|Any CPU
		{77B6A915-895F-4421-B6D5-B66A5E5D6D17}.Debug|Any CPU.Build.0 = Debug|Any CPU
		{77B6A915-895F-4421-B6D5-B66A5E5D6D17}.Release|Any CPU.ActiveCfg = Release|Any CPU
		{77B6A915-895F-4421-B6D5-B66A5E5D6D17}.Release|Any CPU.Build.0 = Release|Any CPU
	EndGlobalSection
	GlobalSection(SolutionProperties) = preSolution
		HideSolutionNode = FALSE
	EndGlobalSection
	GlobalSection(ExtensibilityGlobals) = postSolution
		SolutionGuid = {D4B6CED7-487B-4A31-9497-9DDBBA1481C8}
	EndGlobalSection
EndGlobal
